
Microsoft Visual Studio Solution File, Format Version 12.00
# Visual Studio Version 17
VisualStudioVersion = 17.5.33424.131
MinimumVisualStudioVersion = 10.0.40219.1
Project("{FAE04EC0-301F-11D3-BF4B-00C04F79EFBC}") = "Function", "Function\Function.csproj", "{ED24C8BB-AB2B-41E4-9B59-657143D596AE}"
EndProject
Global
	GlobalSection(SolutionConfigurationPlatforms) = preSolution
		Debug|Any CPU = Debug|Any CPU
		Release|Any CPU = Release|Any CPU
	EndGlobalSection
	GlobalSection(ProjectConfigurationPlatforms) = postSolution
		{ED24C8BB-AB2B-41E4-9B59-657143D596AE}.Debug|Any CPU.ActiveCfg = Debug|Any CPU
		{ED24C8BB-AB2B-41E4-9B59-657143D596AE}.Debug|Any CPU.Build.0 = Debug|Any CPU
		{ED24C8BB-AB2B-41E4-9B59-657143D596AE}.Release|Any CPU.ActiveCfg = Release|Any CPU
		{ED24C8BB-AB2B-41E4-9B59-657143D596AE}.Release|Any CPU.Build.0 = Release|Any CPU
	EndGlobalSection
	GlobalSection(SolutionProperties) = preSolution
		HideSolutionNode = FALSE
	EndGlobalSection
	GlobalSection(ExtensibilityGlobals) = postSolution
		SolutionGuid = {AE5670AF-3FDB-499C-AD38-A17DC8D93173}
	EndGlobalSection
EndGlobal
